
Microsoft Visual Studio Solution File, Format Version 12.00
# Visual Studio Version 16
VisualStudioVersion = 16.0.30002.166
MinimumVisualStudioVersion = 10.0.40219.1
Project("{FAE04EC0-301F-11D3-BF4B-00C04F79EFBC}") = "airportLibrary", "airportLibrary\airportLibrary.csproj", "{DBE5F804-7B14-406E-BA57-B69265F819D1}"
EndProject
Global
	GlobalSection(SolutionConfigurationPlatforms) = preSolution
		Debug|Any CPU = Debug|Any CPU
		Release|Any CPU = Release|Any CPU
	EndGlobalSection
	GlobalSection(ProjectConfigurationPlatforms) = postSolution
		{DBE5F804-7B14-406E-BA57-B69265F819D1}.Debug|Any CPU.ActiveCfg = Debug|Any CPU
		{DBE5F804-7B14-406E-BA57-B69265F819D1}.Debug|Any CPU.Build.0 = Debug|Any CPU
		{DBE5F804-7B14-406E-BA57-B69265F819D1}.Release|Any CPU.ActiveCfg = Release|Any CPU
		{DBE5F804-7B14-406E-BA57-B69265F819D1}.Release|Any CPU.Build.0 = Release|Any CPU
	EndGlobalSection
	GlobalSection(SolutionProperties) = preSolution
		HideSolutionNode = FALSE
	EndGlobalSection
	GlobalSection(ExtensibilityGlobals) = postSolution
		SolutionGuid = {CD30DBDA-3FEB-4A93-A9D3-00488FB1B3DF}
	EndGlobalSection
EndGlobal
